
Microsoft Visual Studio Solution File, Format Version 12.00
# Visual Studio Version 17
VisualStudioVersion = 17.0.31903.59
MinimumVisualStudioVersion = 10.0.40219.1
Project("{FAE04EC0-301F-11D3-BF4B-00C04F79EFBC}") = "Ejercicio", "Ejercicio\Ejercicio.csproj", "{EC7B7B12-018A-438C-AB1D-F87E153EAD4B}"
EndProject
Project("{FAE04EC0-301F-11D3-BF4B-00C04F79EFBC}") = "Ejercicio1", "Ejercicio1\Ejercicio1.csproj", "{5E3F81BE-5140-483F-AA63-7E6E703A846E}"
EndProject
Global
	GlobalSection(SolutionConfigurationPlatforms) = preSolution
		Debug|Any CPU = Debug|Any CPU
		Release|Any CPU = Release|Any CPU
	EndGlobalSection
	GlobalSection(SolutionProperties) = preSolution
		HideSolutionNode = FALSE
	EndGlobalSection
	GlobalSection(ProjectConfigurationPlatforms) = postSolution
		{EC7B7B12-018A-438C-AB1D-F87E153EAD4B}.Debug|Any CPU.ActiveCfg = Debug|Any CPU
		{EC7B7B12-018A-438C-AB1D-F87E153EAD4B}.Debug|Any CPU.Build.0 = Debug|Any CPU
		{EC7B7B12-018A-438C-AB1D-F87E153EAD4B}.Release|Any CPU.ActiveCfg = Release|Any CPU
		{EC7B7B12-018A-438C-AB1D-F87E153EAD4B}.Release|Any CPU.Build.0 = Release|Any CPU
		{5E3F81BE-5140-483F-AA63-7E6E703A846E}.Debug|Any CPU.ActiveCfg = Debug|Any CPU
		{5E3F81BE-5140-483F-AA63-7E6E703A846E}.Debug|Any CPU.Build.0 = Debug|Any CPU
		{5E3F81BE-5140-483F-AA63-7E6E703A846E}.Release|Any CPU.ActiveCfg = Release|Any CPU
		{5E3F81BE-5140-483F-AA63-7E6E703A846E}.Release|Any CPU.Build.0 = Release|Any CPU
	EndGlobalSection
EndGlobal
